
Microsoft Visual Studio Solution File, Format Version 12.00
# Visual Studio 15
VisualStudioVersion = 15.0.27130.2036
MinimumVisualStudioVersion = 10.0.40219.1
Project("{F184B08F-C81C-45F6-A57F-5ABD9991F28F}") = "SM64 ROM Manager", "SM64 ROM Manager\SM64 ROM Manager.vbproj", "{7183F280-6EC5-4CDB-ABFF-767EE6018900}"
EndProject
Project("{FAE04EC0-301F-11D3-BF4B-00C04F79EFBC}") = "N64Graphics", "N64Graphics\N64Graphics.csproj", "{D9258483-950C-46D1-A333-31F32492CD7E}"
EndProject
Project("{F184B08F-C81C-45F6-A57F-5ABD9991F28F}") = "SimpleFileParser", "SimpleFileParser\SimpleFileParser.vbproj", "{AC955819-7910-450C-940C-7C1989483D4B}"
EndProject
Project("{F184B08F-C81C-45F6-A57F-5ABD9991F28F}") = "OpenGLFactory.RenderingN", "OpenGLRenderer\OpenGLFactory.RenderingN.vbproj", "{5E9F0B0A-F7B8-49A9-80FC-6DFE0D44CC84}"
EndProject
Project("{F184B08F-C81C-45F6-A57F-5ABD9991F28F}") = "SM64Lib", "SM64Lib\SM64Lib.vbproj", "{50BE8215-8945-4A29-908A-36E1102A540C}"
EndProject
Project("{F184B08F-C81C-45F6-A57F-5ABD9991F28F}") = "ModelImporterGUI", "ModelImporter\ModelImporterGUI.vbproj", "{3F9044F1-1AA1-4D44-B68B-7087C59B818F}"
EndProject
Project("{F184B08F-C81C-45F6-A57F-5ABD9991F28F}") = "SettingsManager", "SettingsManager\SettingsManager.vbproj", "{9672AFEC-766D-4308-9184-74E1E770011B}"
EndProject
Project("{F184B08F-C81C-45F6-A57F-5ABD9991F28F}") = "OpenGLFactory.CameraN", "OpenGLCamera\OpenGLFactory.CameraN.vbproj", "{26AD6422-F5D8-48D3-AC57-398F9C094217}"
EndProject
Project("{F184B08F-C81C-45F6-A57F-5ABD9991F28F}") = "OpenGLFactory.PreviewN", "OpenGLPreview\OpenGLFactory.PreviewN.vbproj", "{D3D19C7A-F7BE-44F5-ACE4-B0B5260F519F}"
EndProject
Project("{F184B08F-C81C-45F6-A57F-5ABD9991F28F}") = "ModelConverterGUI", "ModelConverterGUI\ModelConverterGUI.vbproj", "{745E6A23-6957-45F8-9305-88EC5474D077}"
EndProject
Project("{F184B08F-C81C-45F6-A57F-5ABD9991F28F}") = "Publics", "Publics\Publics.vbproj", "{5013D291-0C3D-45AE-B216-792260C246EC}"
EndProject
Project("{F184B08F-C81C-45F6-A57F-5ABD9991F28F}") = "TextValueConverter", "TextValueConverter\TextValueConverter.vbproj", "{533793C3-92D5-48CE-82DE-DBA815C6A121}"
EndProject
Project("{FAE04EC0-301F-11D3-BF4B-00C04F79EFBC}") = "LicenseHelper", "LicenseHelper\LicenseHelper.csproj", "{67593FF7-C1D1-4529-98C4-61CBD0615F08}"
EndProject
Project("{FAE04EC0-301F-11D3-BF4B-00C04F79EFBC}") = "LIBMIO0", "LIBMIO0\LIBMIO0.csproj", "{E4CEC3B1-5778-4D63-8C97-C95153CDC052}"
EndProject
Project("{F184B08F-C81C-45F6-A57F-5ABD9991F28F}") = "Extensions", "Extensions\Extensions.vbproj", "{7FCE885B-8F26-45C1-9CF6-594C91FC7166}"
EndProject
Project("{F184B08F-C81C-45F6-A57F-5ABD9991F28F}") = "PatchScripts", "PatchScripts\PatchScripts.vbproj", "{C5DE39F9-C9AA-48DF-BD74-68A057012953}"
EndProject
Project("{F184B08F-C81C-45F6-A57F-5ABD9991F28F}") = "ApplyPPF", "ApplyPPF\ApplyPPF.vbproj", "{34873A8F-D8DF-4C98-B290-2EE3E64AEA1F}"
EndProject
Project("{F184B08F-C81C-45F6-A57F-5ABD9991F28F}") = "PluginCenter", "PatchHelper\PluginCenter.vbproj", "{5044EF07-04A7-45AF-AA3A-D261D7123A66}"
EndProject
Global
	GlobalSection(SolutionConfigurationPlatforms) = preSolution
		Debug|Any CPU = Debug|Any CPU
		Debug|x64 = Debug|x64
		Debug|x86 = Debug|x86
		Release|Any CPU = Release|Any CPU
		Release|x64 = Release|x64
		Release|x86 = Release|x86
	EndGlobalSection
	GlobalSection(ProjectConfigurationPlatforms) = postSolution
		{7183F280-6EC5-4CDB-ABFF-767EE6018900}.Debug|Any CPU.ActiveCfg = Debug|Any CPU
		{7183F280-6EC5-4CDB-ABFF-767EE6018900}.Debug|Any CPU.Build.0 = Debug|Any CPU
		{7183F280-6EC5-4CDB-ABFF-767EE6018900}.Debug|x64.ActiveCfg = Debug|x64
		{7183F280-6EC5-4CDB-ABFF-767EE6018900}.Debug|x64.Build.0 = Debug|x64
		{7183F280-6EC5-4CDB-ABFF-767EE6018900}.Debug|x86.ActiveCfg = Debug|x86
		{7183F280-6EC5-4CDB-ABFF-767EE6018900}.Debug|x86.Build.0 = Debug|x86
		{7183F280-6EC5-4CDB-ABFF-767EE6018900}.Release|Any CPU.ActiveCfg = Release|Any CPU
		{7183F280-6EC5-4CDB-ABFF-767EE6018900}.Release|Any CPU.Build.0 = Release|Any CPU
		{7183F280-6EC5-4CDB-ABFF-767EE6018900}.Release|x64.ActiveCfg = Release|x64
		{7183F280-6EC5-4CDB-ABFF-767EE6018900}.Release|x64.Build.0 = Release|x64
		{7183F280-6EC5-4CDB-ABFF-767EE6018900}.Release|x86.ActiveCfg = Release|x86
		{7183F280-6EC5-4CDB-ABFF-767EE6018900}.Release|x86.Build.0 = Release|x86
		{D9258483-950C-46D1-A333-31F32492CD7E}.Debug|Any CPU.ActiveCfg = Debug|Any CPU
		{D9258483-950C-46D1-A333-31F32492CD7E}.Debug|Any CPU.Build.0 = Debug|Any CPU
		{D9258483-950C-46D1-A333-31F32492CD7E}.Debug|x64.ActiveCfg = Debug|Any CPU
		{D9258483-950C-46D1-A333-31F32492CD7E}.Debug|x64.Build.0 = Debug|Any CPU
		{D9258483-950C-46D1-A333-31F32492CD7E}.Debug|x86.ActiveCfg = Debug|Any CPU
		{D9258483-950C-46D1-A333-31F32492CD7E}.Debug|x86.Build.0 = Debug|Any CPU
		{D9258483-950C-46D1-A333-31F32492CD7E}.Release|Any CPU.ActiveCfg = Release|Any CPU
		{D9258483-950C-46D1-A333-31F32492CD7E}.Release|Any CPU.Build.0 = Release|Any CPU
		{D9258483-950C-46D1-A333-31F32492CD7E}.Release|x64.ActiveCfg = Release|Any CPU
		{D9258483-950C-46D1-A333-31F32492CD7E}.Release|x64.Build.0 = Release|Any CPU
		{D9258483-950C-46D1-A333-31F32492CD7E}.Release|x86.ActiveCfg = Release|Any CPU
		{D9258483-950C-46D1-A333-31F32492CD7E}.Release|x86.Build.0 = Release|Any CPU
		{AC955819-7910-450C-940C-7C1989483D4B}.Debug|Any CPU.ActiveCfg = Debug|Any CPU
		{AC955819-7910-450C-940C-7C1989483D4B}.Debug|Any CPU.Build.0 = Debug|Any CPU
		{AC955819-7910-450C-940C-7C1989483D4B}.Debug|x64.ActiveCfg = Debug|Any CPU
		{AC955819-7910-450C-940C-7C1989483D4B}.Debug|x64.Build.0 = Debug|Any CPU
		{AC955819-7910-450C-940C-7C1989483D4B}.Debug|x86.ActiveCfg = Debug|Any CPU
		{AC955819-7910-450C-940C-7C1989483D4B}.Debug|x86.Build.0 = Debug|Any CPU
		{AC955819-7910-450C-940C-7C1989483D4B}.Release|Any CPU.ActiveCfg = Release|Any CPU
		{AC955819-7910-450C-940C-7C1989483D4B}.Release|Any CPU.Build.0 = Release|Any CPU
		{AC955819-7910-450C-940C-7C1989483D4B}.Release|x64.ActiveCfg = Release|Any CPU
		{AC955819-7910-450C-940C-7C1989483D4B}.Release|x64.Build.0 = Release|Any CPU
		{AC955819-7910-450C-940C-7C1989483D4B}.Release|x86.ActiveCfg = Release|Any CPU
		{AC955819-7910-450C-940C-7C1989483D4B}.Release|x86.Build.0 = Release|Any CPU
		{5E9F0B0A-F7B8-49A9-80FC-6DFE0D44CC84}.Debug|Any CPU.ActiveCfg = Debug|Any CPU
		{5E9F0B0A-F7B8-49A9-80FC-6DFE0D44CC84}.Debug|Any CPU.Build.0 = Debug|Any CPU
		{5E9F0B0A-F7B8-49A9-80FC-6DFE0D44CC84}.Debug|x64.ActiveCfg = Debug|Any CPU
		{5E9F0B0A-F7B8-49A9-80FC-6DFE0D44CC84}.Debug|x64.Build.0 = Debug|Any CPU
		{5E9F0B0A-F7B8-49A9-80FC-6DFE0D44CC84}.Debug|x86.ActiveCfg = Debug|Any CPU
		{5E9F0B0A-F7B8-49A9-80FC-6DFE0D44CC84}.Debug|x86.Build.0 = Debug|Any CPU
		{5E9F0B0A-F7B8-49A9-80FC-6DFE0D44CC84}.Release|Any CPU.ActiveCfg = Release|Any CPU
		{5E9F0B0A-F7B8-49A9-80FC-6DFE0D44CC84}.Release|Any CPU.Build.0 = Release|Any CPU
		{5E9F0B0A-F7B8-49A9-80FC-6DFE0D44CC84}.Release|x64.ActiveCfg = Release|Any CPU
		{5E9F0B0A-F7B8-49A9-80FC-6DFE0D44CC84}.Release|x64.Build.0 = Release|Any CPU
		{5E9F0B0A-F7B8-49A9-80FC-6DFE0D44CC84}.Release|x86.ActiveCfg = Release|Any CPU
		{5E9F0B0A-F7B8-49A9-80FC-6DFE0D44CC84}.Release|x86.Build.0 = Release|Any CPU
		{50BE8215-8945-4A29-908A-36E1102A540C}.Debug|Any CPU.ActiveCfg = Debug|Any CPU
		{50BE8215-8945-4A29-908A-36E1102A540C}.Debug|Any CPU.Build.0 = Debug|Any CPU
		{50BE8215-8945-4A29-908A-36E1102A540C}.Debug|x64.ActiveCfg = Debug|Any CPU
		{50BE8215-8945-4A29-908A-36E1102A540C}.Debug|x64.Build.0 = Debug|Any CPU
		{50BE8215-8945-4A29-908A-36E1102A540C}.Debug|x86.ActiveCfg = Debug|Any CPU
		{50BE8215-8945-4A29-908A-36E1102A540C}.Debug|x86.Build.0 = Debug|Any CPU
		{50BE8215-8945-4A29-908A-36E1102A540C}.Release|Any CPU.ActiveCfg = Release|Any CPU
		{50BE8215-8945-4A29-908A-36E1102A540C}.Release|Any CPU.Build.0 = Release|Any CPU
		{50BE8215-8945-4A29-908A-36E1102A540C}.Release|x64.ActiveCfg = Release|Any CPU
		{50BE8215-8945-4A29-908A-36E1102A540C}.Release|x64.Build.0 = Release|Any CPU
		{50BE8215-8945-4A29-908A-36E1102A540C}.Release|x86.ActiveCfg = Release|Any CPU
		{50BE8215-8945-4A29-908A-36E1102A540C}.Release|x86.Build.0 = Release|Any CPU
		{3F9044F1-1AA1-4D44-B68B-7087C59B818F}.Debug|Any CPU.ActiveCfg = Debug|Any CPU
		{3F9044F1-1AA1-4D44-B68B-7087C59B818F}.Debug|Any CPU.Build.0 = Debug|Any CPU
		{3F9044F1-1AA1-4D44-B68B-7087C59B818F}.Debug|x64.ActiveCfg = Debug|Any CPU
		{3F9044F1-1AA1-4D44-B68B-7087C59B818F}.Debug|x64.Build.0 = Debug|Any CPU
		{3F9044F1-1AA1-4D44-B68B-7087C59B818F}.Debug|x86.ActiveCfg = Debug|Any CPU
		{3F9044F1-1AA1-4D44-B68B-7087C59B818F}.Debug|x86.Build.0 = Debug|Any CPU
		{3F9044F1-1AA1-4D44-B68B-7087C59B818F}.Release|Any CPU.ActiveCfg = Release|Any CPU
		{3F9044F1-1AA1-4D44-B68B-7087C59B818F}.Release|Any CPU.Build.0 = Release|Any CPU
		{3F9044F1-1AA1-4D44-B68B-7087C59B818F}.Release|x64.ActiveCfg = Release|Any CPU
		{3F9044F1-1AA1-4D44-B68B-7087C59B818F}.Release|x64.Build.0 = Release|Any CPU
		{3F9044F1-1AA1-4D44-B68B-7087C59B818F}.Release|x86.ActiveCfg = Release|Any CPU
		{3F9044F1-1AA1-4D44-B68B-7087C59B818F}.Release|x86.Build.0 = Release|Any CPU
		{9672AFEC-766D-4308-9184-74E1E770011B}.Debug|Any CPU.ActiveCfg = Debug|Any CPU
		{9672AFEC-766D-4308-9184-74E1E770011B}.Debug|Any CPU.Build.0 = Debug|Any CPU
		{9672AFEC-766D-4308-9184-74E1E770011B}.Debug|x64.ActiveCfg = Debug|Any CPU
		{9672AFEC-766D-4308-9184-74E1E770011B}.Debug|x64.Build.0 = Debug|Any CPU
		{9672AFEC-766D-4308-9184-74E1E770011B}.Debug|x86.ActiveCfg = Debug|Any CPU
		{9672AFEC-766D-4308-9184-74E1E770011B}.Debug|x86.Build.0 = Debug|Any CPU
		{9672AFEC-766D-4308-9184-74E1E770011B}.Release|Any CPU.ActiveCfg = Release|Any CPU
		{9672AFEC-766D-4308-9184-74E1E770011B}.Release|Any CPU.Build.0 = Release|Any CPU
		{9672AFEC-766D-4308-9184-74E1E770011B}.Release|x64.ActiveCfg = Release|Any CPU
		{9672AFEC-766D-4308-9184-74E1E770011B}.Release|x64.Build.0 = Release|Any CPU
		{9672AFEC-766D-4308-9184-74E1E770011B}.Release|x86.ActiveCfg = Release|Any CPU
		{9672AFEC-766D-4308-9184-74E1E770011B}.Release|x86.Build.0 = Release|Any CPU
		{26AD6422-F5D8-48D3-AC57-398F9C094217}.Debug|Any CPU.ActiveCfg = Debug|Any CPU
		{26AD6422-F5D8-48D3-AC57-398F9C094217}.Debug|Any CPU.Build.0 = Debug|Any CPU
		{26AD6422-F5D8-48D3-AC57-398F9C094217}.Debug|x64.ActiveCfg = Debug|Any CPU
		{26AD6422-F5D8-48D3-AC57-398F9C094217}.Debug|x64.Build.0 = Debug|Any CPU
		{26AD6422-F5D8-48D3-AC57-398F9C094217}.Debug|x86.ActiveCfg = Debug|Any CPU
		{26AD6422-F5D8-48D3-AC57-398F9C094217}.Debug|x86.Build.0 = Debug|Any CPU
		{26AD6422-F5D8-48D3-AC57-398F9C094217}.Release|Any CPU.ActiveCfg = Release|Any CPU
		{26AD6422-F5D8-48D3-AC57-398F9C094217}.Release|Any CPU.Build.0 = Release|Any CPU
		{26AD6422-F5D8-48D3-AC57-398F9C094217}.Release|x64.ActiveCfg = Release|Any CPU
		{26AD6422-F5D8-48D3-AC57-398F9C094217}.Release|x64.Build.0 = Release|Any CPU
		{26AD6422-F5D8-48D3-AC57-398F9C094217}.Release|x86.ActiveCfg = Release|Any CPU
		{26AD6422-F5D8-48D3-AC57-398F9C094217}.Release|x86.Build.0 = Release|Any CPU
		{D3D19C7A-F7BE-44F5-ACE4-B0B5260F519F}.Debug|Any CPU.ActiveCfg = Debug|Any CPU
		{D3D19C7A-F7BE-44F5-ACE4-B0B5260F519F}.Debug|Any CPU.Build.0 = Debug|Any CPU
		{D3D19C7A-F7BE-44F5-ACE4-B0B5260F519F}.Debug|x64.ActiveCfg = Debug|Any CPU
		{D3D19C7A-F7BE-44F5-ACE4-B0B5260F519F}.Debug|x64.Build.0 = Debug|Any CPU
		{D3D19C7A-F7BE-44F5-ACE4-B0B5260F519F}.Debug|x86.ActiveCfg = Debug|Any CPU
		{D3D19C7A-F7BE-44F5-ACE4-B0B5260F519F}.Debug|x86.Build.0 = Debug|Any CPU
		{D3D19C7A-F7BE-44F5-ACE4-B0B5260F519F}.Release|Any CPU.ActiveCfg = Release|Any CPU
		{D3D19C7A-F7BE-44F5-ACE4-B0B5260F519F}.Release|Any CPU.Build.0 = Release|Any CPU
		{D3D19C7A-F7BE-44F5-ACE4-B0B5260F519F}.Release|x64.ActiveCfg = Release|Any CPU
		{D3D19C7A-F7BE-44F5-ACE4-B0B5260F519F}.Release|x64.Build.0 = Release|Any CPU
		{D3D19C7A-F7BE-44F5-ACE4-B0B5260F519F}.Release|x86.ActiveCfg = Release|Any CPU
		{D3D19C7A-F7BE-44F5-ACE4-B0B5260F519F}.Release|x86.Build.0 = Release|Any CPU
		{745E6A23-6957-45F8-9305-88EC5474D077}.Debug|Any CPU.ActiveCfg = Debug|Any CPU
		{745E6A23-6957-45F8-9305-88EC5474D077}.Debug|Any CPU.Build.0 = Debug|Any CPU
		{745E6A23-6957-45F8-9305-88EC5474D077}.Debug|x64.ActiveCfg = Debug|Any CPU
		{745E6A23-6957-45F8-9305-88EC5474D077}.Debug|x64.Build.0 = Debug|Any CPU
		{745E6A23-6957-45F8-9305-88EC5474D077}.Debug|x86.ActiveCfg = Debug|Any CPU
		{745E6A23-6957-45F8-9305-88EC5474D077}.Debug|x86.Build.0 = Debug|Any CPU
		{745E6A23-6957-45F8-9305-88EC5474D077}.Release|Any CPU.ActiveCfg = Release|Any CPU
		{745E6A23-6957-45F8-9305-88EC5474D077}.Release|Any CPU.Build.0 = Release|Any CPU
		{745E6A23-6957-45F8-9305-88EC5474D077}.Release|x64.ActiveCfg = Release|Any CPU
		{745E6A23-6957-45F8-9305-88EC5474D077}.Release|x64.Build.0 = Release|Any CPU
		{745E6A23-6957-45F8-9305-88EC5474D077}.Release|x86.ActiveCfg = Release|Any CPU
		{745E6A23-6957-45F8-9305-88EC5474D077}.Release|x86.Build.0 = Release|Any CPU
		{5013D291-0C3D-45AE-B216-792260C246EC}.Debug|Any CPU.ActiveCfg = Debug|Any CPU
		{5013D291-0C3D-45AE-B216-792260C246EC}.Debug|Any CPU.Build.0 = Debug|Any CPU
		{5013D291-0C3D-45AE-B216-792260C246EC}.Debug|x64.ActiveCfg = Debug|Any CPU
		{5013D291-0C3D-45AE-B216-792260C246EC}.Debug|x64.Build.0 = Debug|Any CPU
		{5013D291-0C3D-45AE-B216-792260C246EC}.Debug|x86.ActiveCfg = Debug|Any CPU
		{5013D291-0C3D-45AE-B216-792260C246EC}.Debug|x86.Build.0 = Debug|Any CPU
		{5013D291-0C3D-45AE-B216-792260C246EC}.Release|Any CPU.ActiveCfg = Release|Any CPU
		{5013D291-0C3D-45AE-B216-792260C246EC}.Release|Any CPU.Build.0 = Release|Any CPU
		{5013D291-0C3D-45AE-B216-792260C246EC}.Release|x64.ActiveCfg = Release|Any CPU
		{5013D291-0C3D-45AE-B216-792260C246EC}.Release|x64.Build.0 = Release|Any CPU
		{5013D291-0C3D-45AE-B216-792260C246EC}.Release|x86.ActiveCfg = Release|Any CPU
		{5013D291-0C3D-45AE-B216-792260C246EC}.Release|x86.Build.0 = Release|Any CPU
		{533793C3-92D5-48CE-82DE-DBA815C6A121}.Debug|Any CPU.ActiveCfg = Debug|Any CPU
		{533793C3-92D5-48CE-82DE-DBA815C6A121}.Debug|Any CPU.Build.0 = Debug|Any CPU
		{533793C3-92D5-48CE-82DE-DBA815C6A121}.Debug|x64.ActiveCfg = Debug|Any CPU
		{533793C3-92D5-48CE-82DE-DBA815C6A121}.Debug|x64.Build.0 = Debug|Any CPU
		{533793C3-92D5-48CE-82DE-DBA815C6A121}.Debug|x86.ActiveCfg = Debug|Any CPU
		{533793C3-92D5-48CE-82DE-DBA815C6A121}.Debug|x86.Build.0 = Debug|Any CPU
		{533793C3-92D5-48CE-82DE-DBA815C6A121}.Release|Any CPU.ActiveCfg = Release|Any CPU
		{533793C3-92D5-48CE-82DE-DBA815C6A121}.Release|Any CPU.Build.0 = Release|Any CPU
		{533793C3-92D5-48CE-82DE-DBA815C6A121}.Release|x64.ActiveCfg = Release|Any CPU
		{533793C3-92D5-48CE-82DE-DBA815C6A121}.Release|x64.Build.0 = Release|Any CPU
		{533793C3-92D5-48CE-82DE-DBA815C6A121}.Release|x86.ActiveCfg = Release|Any CPU
		{533793C3-92D5-48CE-82DE-DBA815C6A121}.Release|x86.Build.0 = Release|Any CPU
		{67593FF7-C1D1-4529-98C4-61CBD0615F08}.Debug|Any CPU.ActiveCfg = Debug|Any CPU
		{67593FF7-C1D1-4529-98C4-61CBD0615F08}.Debug|Any CPU.Build.0 = Debug|Any CPU
		{67593FF7-C1D1-4529-98C4-61CBD0615F08}.Debug|x64.ActiveCfg = Debug|Any CPU
		{67593FF7-C1D1-4529-98C4-61CBD0615F08}.Debug|x64.Build.0 = Debug|Any CPU
		{67593FF7-C1D1-4529-98C4-61CBD0615F08}.Debug|x86.ActiveCfg = Debug|Any CPU
		{67593FF7-C1D1-4529-98C4-61CBD0615F08}.Debug|x86.Build.0 = Debug|Any CPU
		{67593FF7-C1D1-4529-98C4-61CBD0615F08}.Release|Any CPU.ActiveCfg = Release|Any CPU
		{67593FF7-C1D1-4529-98C4-61CBD0615F08}.Release|Any CPU.Build.0 = Release|Any CPU
		{67593FF7-C1D1-4529-98C4-61CBD0615F08}.Release|x64.ActiveCfg = Release|Any CPU
		{67593FF7-C1D1-4529-98C4-61CBD0615F08}.Release|x64.Build.0 = Release|Any CPU
		{67593FF7-C1D1-4529-98C4-61CBD0615F08}.Release|x86.ActiveCfg = Release|Any CPU
		{67593FF7-C1D1-4529-98C4-61CBD0615F08}.Release|x86.Build.0 = Release|Any CPU
		{E4CEC3B1-5778-4D63-8C97-C95153CDC052}.Debug|Any CPU.ActiveCfg = Debug|Any CPU
		{E4CEC3B1-5778-4D63-8C97-C95153CDC052}.Debug|Any CPU.Build.0 = Debug|Any CPU
		{E4CEC3B1-5778-4D63-8C97-C95153CDC052}.Debug|x64.ActiveCfg = Debug|Any CPU
		{E4CEC3B1-5778-4D63-8C97-C95153CDC052}.Debug|x64.Build.0 = Debug|Any CPU
		{E4CEC3B1-5778-4D63-8C97-C95153CDC052}.Debug|x86.ActiveCfg = Debug|Any CPU
		{E4CEC3B1-5778-4D63-8C97-C95153CDC052}.Debug|x86.Build.0 = Debug|Any CPU
		{E4CEC3B1-5778-4D63-8C97-C95153CDC052}.Release|Any CPU.ActiveCfg = Release|Any CPU
		{E4CEC3B1-5778-4D63-8C97-C95153CDC052}.Release|Any CPU.Build.0 = Release|Any CPU
		{E4CEC3B1-5778-4D63-8C97-C95153CDC052}.Release|x64.ActiveCfg = Release|Any CPU
		{E4CEC3B1-5778-4D63-8C97-C95153CDC052}.Release|x64.Build.0 = Release|Any CPU
		{E4CEC3B1-5778-4D63-8C97-C95153CDC052}.Release|x86.ActiveCfg = Release|Any CPU
		{E4CEC3B1-5778-4D63-8C97-C95153CDC052}.Release|x86.Build.0 = Release|Any CPU
		{7FCE885B-8F26-45C1-9CF6-594C91FC7166}.Debug|Any CPU.ActiveCfg = Debug|Any CPU
		{7FCE885B-8F26-45C1-9CF6-594C91FC7166}.Debug|Any CPU.Build.0 = Debug|Any CPU
		{7FCE885B-8F26-45C1-9CF6-594C91FC7166}.Debug|x64.ActiveCfg = Debug|Any CPU
		{7FCE885B-8F26-45C1-9CF6-594C91FC7166}.Debug|x64.Build.0 = Debug|Any CPU
		{7FCE885B-8F26-45C1-9CF6-594C91FC7166}.Debug|x86.ActiveCfg = Debug|Any CPU
		{7FCE885B-8F26-45C1-9CF6-594C91FC7166}.Debug|x86.Build.0 = Debug|Any CPU
		{7FCE885B-8F26-45C1-9CF6-594C91FC7166}.Release|Any CPU.ActiveCfg = Release|Any CPU
		{7FCE885B-8F26-45C1-9CF6-594C91FC7166}.Release|Any CPU.Build.0 = Release|Any CPU
		{7FCE885B-8F26-45C1-9CF6-594C91FC7166}.Release|x64.ActiveCfg = Release|Any CPU
		{7FCE885B-8F26-45C1-9CF6-594C91FC7166}.Release|x64.Build.0 = Release|Any CPU
		{7FCE885B-8F26-45C1-9CF6-594C91FC7166}.Release|x86.ActiveCfg = Release|Any CPU
		{7FCE885B-8F26-45C1-9CF6-594C91FC7166}.Release|x86.Build.0 = Release|Any CPU
		{C5DE39F9-C9AA-48DF-BD74-68A057012953}.Debug|Any CPU.ActiveCfg = Debug|Any CPU
		{C5DE39F9-C9AA-48DF-BD74-68A057012953}.Debug|Any CPU.Build.0 = Debug|Any CPU
		{C5DE39F9-C9AA-48DF-BD74-68A057012953}.Debug|x64.ActiveCfg = Debug|Any CPU
		{C5DE39F9-C9AA-48DF-BD74-68A057012953}.Debug|x64.Build.0 = Debug|Any CPU
		{C5DE39F9-C9AA-48DF-BD74-68A057012953}.Debug|x86.ActiveCfg = Debug|Any CPU
		{C5DE39F9-C9AA-48DF-BD74-68A057012953}.Debug|x86.Build.0 = Debug|Any CPU
		{C5DE39F9-C9AA-48DF-BD74-68A057012953}.Release|Any CPU.ActiveCfg = Release|Any CPU
		{C5DE39F9-C9AA-48DF-BD74-68A057012953}.Release|Any CPU.Build.0 = Release|Any CPU
		{C5DE39F9-C9AA-48DF-BD74-68A057012953}.Release|x64.ActiveCfg = Release|Any CPU
		{C5DE39F9-C9AA-48DF-BD74-68A057012953}.Release|x64.Build.0 = Release|Any CPU
		{C5DE39F9-C9AA-48DF-BD74-68A057012953}.Release|x86.ActiveCfg = Release|Any CPU
		{C5DE39F9-C9AA-48DF-BD74-68A057012953}.Release|x86.Build.0 = Release|Any CPU
		{34873A8F-D8DF-4C98-B290-2EE3E64AEA1F}.Debug|Any CPU.ActiveCfg = Debug|Any CPU
		{34873A8F-D8DF-4C98-B290-2EE3E64AEA1F}.Debug|Any CPU.Build.0 = Debug|Any CPU
		{34873A8F-D8DF-4C98-B290-2EE3E64AEA1F}.Debug|x64.ActiveCfg = Debug|Any CPU
		{34873A8F-D8DF-4C98-B290-2EE3E64AEA1F}.Debug|x64.Build.0 = Debug|Any CPU
		{34873A8F-D8DF-4C98-B290-2EE3E64AEA1F}.Debug|x86.ActiveCfg = Debug|Any CPU
		{34873A8F-D8DF-4C98-B290-2EE3E64AEA1F}.Debug|x86.Build.0 = Debug|Any CPU
		{34873A8F-D8DF-4C98-B290-2EE3E64AEA1F}.Release|Any CPU.ActiveCfg = Release|Any CPU
		{34873A8F-D8DF-4C98-B290-2EE3E64AEA1F}.Release|Any CPU.Build.0 = Release|Any CPU
		{34873A8F-D8DF-4C98-B290-2EE3E64AEA1F}.Release|x64.ActiveCfg = Release|Any CPU
		{34873A8F-D8DF-4C98-B290-2EE3E64AEA1F}.Release|x64.Build.0 = Release|Any CPU
		{34873A8F-D8DF-4C98-B290-2EE3E64AEA1F}.Release|x86.ActiveCfg = Release|Any CPU
		{34873A8F-D8DF-4C98-B290-2EE3E64AEA1F}.Release|x86.Build.0 = Release|Any CPU
		{5044EF07-04A7-45AF-AA3A-D261D7123A66}.Debug|Any CPU.ActiveCfg = Debug|Any CPU
		{5044EF07-04A7-45AF-AA3A-D261D7123A66}.Debug|Any CPU.Build.0 = Debug|Any CPU
		{5044EF07-04A7-45AF-AA3A-D261D7123A66}.Debug|x64.ActiveCfg = Debug|Any CPU
		{5044EF07-04A7-45AF-AA3A-D261D7123A66}.Debug|x64.Build.0 = Debug|Any CPU
		{5044EF07-04A7-45AF-AA3A-D261D7123A66}.Debug|x86.ActiveCfg = Debug|Any CPU
		{5044EF07-04A7-45AF-AA3A-D261D7123A66}.Debug|x86.Build.0 = Debug|Any CPU
		{5044EF07-04A7-45AF-AA3A-D261D7123A66}.Release|Any CPU.ActiveCfg = Release|Any CPU
		{5044EF07-04A7-45AF-AA3A-D261D7123A66}.Release|Any CPU.Build.0 = Release|Any CPU
		{5044EF07-04A7-45AF-AA3A-D261D7123A66}.Release|x64.ActiveCfg = Release|Any CPU
		{5044EF07-04A7-45AF-AA3A-D261D7123A66}.Release|x64.Build.0 = Release|Any CPU
		{5044EF07-04A7-45AF-AA3A-D261D7123A66}.Release|x86.ActiveCfg = Release|Any CPU
		{5044EF07-04A7-45AF-AA3A-D261D7123A66}.Release|x86.Build.0 = Release|Any CPU
	EndGlobalSection
	GlobalSection(SolutionProperties) = preSolution
		HideSolutionNode = FALSE
	EndGlobalSection
	GlobalSection(ExtensibilityGlobals) = postSolution
		SolutionGuid = {1DF002D8-7106-48DC-A269-0A6E318227CB}
	EndGlobalSection
EndGlobal
