
Microsoft Visual Studio Solution File, Format Version 12.00
# Visual Studio 15
VisualStudioVersion = 15.0.27130.2036
MinimumVisualStudioVersion = 10.0.40219.1
Project("{F184B08F-C81C-45F6-A57F-5ABD9991F28F}") = "SM64 ROM Manager", "SM64 ROM Manager\SM64 ROM Manager.vbproj", "{7183F280-6EC5-4CDB-ABFF-767EE6018900}"
EndProject
Project("{FAE04EC0-301F-11D3-BF4B-00C04F79EFBC}") = "SM64Lib.N64Graphics", "SM64Lib.N64Graphics\SM64Lib.N64Graphics.csproj", "{D9258483-950C-46D1-A333-31F32492CD7E}"
EndProject
Project("{F184B08F-C81C-45F6-A57F-5ABD9991F28F}") = "SM64Lib", "SM64Lib\SM64Lib.vbproj", "{50BE8215-8945-4A29-908A-36E1102A540C}"
EndProject
Project("{F184B08F-C81C-45F6-A57F-5ABD9991F28F}") = "SM64 ROM Manager.ModelImporterGUI", "SM64 ROM Manager.ModelImporterGUI\SM64 ROM Manager.ModelImporterGUI.vbproj", "{3F9044F1-1AA1-4D44-B68B-7087C59B818F}"
EndProject
Project("{F184B08F-C81C-45F6-A57F-5ABD9991F28F}") = "SM64 ROM Manager.SettingsManager", "SM64 ROM Manager.SettingsManager\SM64 ROM Manager.SettingsManager.vbproj", "{9672AFEC-766D-4308-9184-74E1E770011B}"
EndProject
Project("{F184B08F-C81C-45F6-A57F-5ABD9991F28F}") = "SM64 ROM Manager.ModelConverterGUI", "SM64 ROM Manager.ModelConverterGUI\SM64 ROM Manager.ModelConverterGUI.vbproj", "{745E6A23-6957-45F8-9305-88EC5474D077}"
EndProject
Project("{F184B08F-C81C-45F6-A57F-5ABD9991F28F}") = "SM64 ROM Manager.Publics", "SM64 ROM Manager.Publics\SM64 ROM Manager.Publics.vbproj", "{5013D291-0C3D-45AE-B216-792260C246EC}"
EndProject
Project("{F184B08F-C81C-45F6-A57F-5ABD9991F28F}") = "SM64Lib.TextValueConverter", "SM64Lib.TextValueConverter\SM64Lib.TextValueConverter.vbproj", "{533793C3-92D5-48CE-82DE-DBA815C6A121}"
EndProject
Project("{FAE04EC0-301F-11D3-BF4B-00C04F79EFBC}") = "SM64Lib.LIBMIO0", "SM64Lib.LIBMIO0\SM64Lib.LIBMIO0.csproj", "{E4CEC3B1-5778-4D63-8C97-C95153CDC052}"
EndProject
Project("{F184B08F-C81C-45F6-A57F-5ABD9991F28F}") = "SM64 ROM Manager.Extensions", "SM64 ROM Manager.Extensions\SM64 ROM Manager.Extensions.vbproj", "{7FCE885B-8F26-45C1-9CF6-594C91FC7166}"
EndProject
Project("{F184B08F-C81C-45F6-A57F-5ABD9991F28F}") = "SM64 ROM Manager.PatchScripts", "SM64 ROM Manager.PatchScripts\SM64 ROM Manager.PatchScripts.vbproj", "{C5DE39F9-C9AA-48DF-BD74-68A057012953}"
EndProject
Project("{F184B08F-C81C-45F6-A57F-5ABD9991F28F}") = "SM64 ROM Manager.ApplyPPF", "SM64 ROM Manager.ApplyPPF\SM64 ROM Manager.ApplyPPF.vbproj", "{34873A8F-D8DF-4C98-B290-2EE3E64AEA1F}"
EndProject
Project("{2150E333-8FDC-42A3-9474-1A3956D46DE8}") = "SM64Lib", "SM64Lib", "{E5FF17DD-6006-4BDE-B4A5-A1D0B35048AE}"
EndProject
Project("{2150E333-8FDC-42A3-9474-1A3956D46DE8}") = "Main Modules", "Main Modules", "{7442F677-68AE-432D-A3C0-C7AC0610D11B}"
EndProject
Project("{2150E333-8FDC-42A3-9474-1A3956D46DE8}") = "Patching Modules", "Patching Modules", "{16E5FB82-EA15-40DF-9D44-8961A2EFF978}"
EndProject
Project("{2150E333-8FDC-42A3-9474-1A3956D46DE8}") = "Importing Modules", "Importing Modules", "{D5310749-7F03-4FED-AD1A-8EBC03D718E1}"
EndProject
Project("{2150E333-8FDC-42A3-9474-1A3956D46DE8}") = "Updating", "Updating", "{50701F1B-850B-48EE-A9EB-1B33BE4419E3}"
EndProject
Project("{F184B08F-C81C-45F6-A57F-5ABD9991F28F}") = "SM64 ROM Manager.Updating", "SM64 ROM Manager.Updating\SM64 ROM Manager.Updating.vbproj", "{8F01BB84-A3DA-4039-A9D2-0F6DB31739EC}"
EndProject
Project("{F184B08F-C81C-45F6-A57F-5ABD9991F28F}") = "SM64 ROM Manager.Updating.Client", "SM64 ROM Manager.Updating.Client\SM64 ROM Manager.Updating.Client.vbproj", "{4EF35D44-5860-41B5-A1EA-1AA1B496933C}"
EndProject
Project("{F184B08F-C81C-45F6-A57F-5ABD9991F28F}") = "SM64 ROM Manager.Updating.UpdateInstaller", "SM64 ROM Manager.Updating.UpdateInstaller\SM64 ROM Manager.Updating.UpdateInstaller.vbproj", "{7677E380-677F-460A-9222-BD366CF4385C}"
EndProject
Project("{D954291E-2A0B-460D-934E-DC6B0785DB48}") = "SM64 ROM Manager.Updating.Client.Shared", "SM64 ROM Manager.Updating.Client.Shared\SM64 ROM Manager.Updating.Client.Shared.shproj", "{110D3F04-F1EA-48E8-9B92-FA0A0B930D61}"
EndProject
Project("{F184B08F-C81C-45F6-A57F-5ABD9991F28F}") = "SM64 ROM Manager.Updating.Administration.GUI", "SM64 ROM Manager.Updating.Administration.GUI\SM64 ROM Manager.Updating.Administration.GUI.vbproj", "{B03DBC54-0851-45ED-8BBF-767F11498DF0}"
EndProject
Project("{F184B08F-C81C-45F6-A57F-5ABD9991F28F}") = "SM64 ROM Manager.Updating.Administration", "SM64 ROM Manager.Updating.Administration\SM64 ROM Manager.Updating.Administration.vbproj", "{059E523B-773A-43F5-A6C4-E2D74EF73C6C}"
EndProject
Project("{D954291E-2A0B-460D-934E-DC6B0785DB48}") = "SM64 ROM Manager.Updating.Administration.Shared", "SM64 ROM Manager.Updating.Administration.Shared\SM64 ROM Manager.Updating.Administration.Shared.shproj", "{B9B72DF8-DFCF-4720-94E4-F39B6C471FEA}"
EndProject
Project("{F184B08F-C81C-45F6-A57F-5ABD9991F28F}") = "SM64 ROM Manager.Updating.Client.GUI", "SM64 ROM Manager.Updating.Client.GUI\SM64 ROM Manager.Updating.Client.GUI.vbproj", "{8205C526-D8FE-4C86-9E14-CF926B57AEC7}"
EndProject
Project("{F184B08F-C81C-45F6-A57F-5ABD9991F28F}") = "SM64 ROM Manager.Updating.GUIBase", "SM64 ROM Manager.Updating.GUIBase\SM64 ROM Manager.Updating.GUIBase.vbproj", "{7F27E23E-608E-4F82-ABFE-0D65EF8F29B2}"
EndProject
Project("{F184B08F-C81C-45F6-A57F-5ABD9991F28F}") = "SM64 ROM Manager.UserRequests", "SM64 ROM Manager.UserRequests\SM64 ROM Manager.UserRequests.vbproj", "{8DAB41DD-00ED-4E0D-ACF4-11E0DF9169E1}"
EndProject
Project("{F184B08F-C81C-45F6-A57F-5ABD9991F28F}") = "SM64 ROM Manager.UserRequests.GUI", "SM64 ROM Manager.UserRequests.GUI\SM64 ROM Manager.UserRequests.GUI.vbproj", "{E6838D2B-2AFC-45EC-ACBC-307864B294DC}"
EndProject
Global
	GlobalSection(SharedMSBuildProjectFiles) = preSolution
		SM64 ROM Manager.Updating.Administration.Shared\SM64 ROM Manager.Updating.Administration.Shared.projitems*{059e523b-773a-43f5-a6c4-e2d74ef73c6c}*SharedItemsImports = 4
		SM64 ROM Manager.Updating.Client.Shared\SM64 ROM Manager.Updating.UpdateInstallerConfig.projitems*{110d3f04-f1ea-48e8-9b92-fa0a0b930d61}*SharedItemsImports = 13
		SM64 ROM Manager.Updating.Administration.Shared\SM64 ROM Manager.Updating.Administration.Shared.projitems*{7677e380-677f-460a-9222-bd366cf4385c}*SharedItemsImports = 4
		SM64 ROM Manager.Updating.Client.Shared\SM64 ROM Manager.Updating.UpdateInstallerConfig.projitems*{7677e380-677f-460a-9222-bd366cf4385c}*SharedItemsImports = 4
		SM64 ROM Manager.Updating.Client.Shared\SM64 ROM Manager.Updating.UpdateInstallerConfig.projitems*{8f01bb84-a3da-4039-a9d2-0f6db31739ec}*SharedItemsImports = 4
		SM64 ROM Manager.Updating.Administration.Shared\SM64 ROM Manager.Updating.Administration.Shared.projitems*{b9b72df8-dfcf-4720-94e4-f39b6c471fea}*SharedItemsImports = 13
	EndGlobalSection
	GlobalSection(SolutionConfigurationPlatforms) = preSolution
		Debug|Any CPU = Debug|Any CPU
		Debug|x64 = Debug|x64
		Debug|x86 = Debug|x86
		Release|Any CPU = Release|Any CPU
		Release|x64 = Release|x64
		Release|x86 = Release|x86
		RelMono|Any CPU = RelMono|Any CPU
		RelMono|x64 = RelMono|x64
		RelMono|x86 = RelMono|x86
	EndGlobalSection
	GlobalSection(ProjectConfigurationPlatforms) = postSolution
		{7183F280-6EC5-4CDB-ABFF-767EE6018900}.Debug|Any CPU.ActiveCfg = Debug|Any CPU
		{7183F280-6EC5-4CDB-ABFF-767EE6018900}.Debug|Any CPU.Build.0 = Debug|Any CPU
		{7183F280-6EC5-4CDB-ABFF-767EE6018900}.Debug|x64.ActiveCfg = Debug|x64
		{7183F280-6EC5-4CDB-ABFF-767EE6018900}.Debug|x64.Build.0 = Debug|x64
		{7183F280-6EC5-4CDB-ABFF-767EE6018900}.Debug|x86.ActiveCfg = Debug|x86
		{7183F280-6EC5-4CDB-ABFF-767EE6018900}.Debug|x86.Build.0 = Debug|x86
		{7183F280-6EC5-4CDB-ABFF-767EE6018900}.Release|Any CPU.ActiveCfg = Release|Any CPU
		{7183F280-6EC5-4CDB-ABFF-767EE6018900}.Release|Any CPU.Build.0 = Release|Any CPU
		{7183F280-6EC5-4CDB-ABFF-767EE6018900}.Release|x64.ActiveCfg = Release|x64
		{7183F280-6EC5-4CDB-ABFF-767EE6018900}.Release|x64.Build.0 = Release|x64
		{7183F280-6EC5-4CDB-ABFF-767EE6018900}.Release|x86.ActiveCfg = Release|x86
		{7183F280-6EC5-4CDB-ABFF-767EE6018900}.Release|x86.Build.0 = Release|x86
		{7183F280-6EC5-4CDB-ABFF-767EE6018900}.RelMono|Any CPU.ActiveCfg = RelMono|Any CPU
		{7183F280-6EC5-4CDB-ABFF-767EE6018900}.RelMono|Any CPU.Build.0 = RelMono|Any CPU
		{7183F280-6EC5-4CDB-ABFF-767EE6018900}.RelMono|x64.ActiveCfg = RelMono|x64
		{7183F280-6EC5-4CDB-ABFF-767EE6018900}.RelMono|x64.Build.0 = RelMono|x64
		{7183F280-6EC5-4CDB-ABFF-767EE6018900}.RelMono|x86.ActiveCfg = RelMono|x86
		{7183F280-6EC5-4CDB-ABFF-767EE6018900}.RelMono|x86.Build.0 = RelMono|x86
		{D9258483-950C-46D1-A333-31F32492CD7E}.Debug|Any CPU.ActiveCfg = Debug|Any CPU
		{D9258483-950C-46D1-A333-31F32492CD7E}.Debug|Any CPU.Build.0 = Debug|Any CPU
		{D9258483-950C-46D1-A333-31F32492CD7E}.Debug|x64.ActiveCfg = Debug|Any CPU
		{D9258483-950C-46D1-A333-31F32492CD7E}.Debug|x64.Build.0 = Debug|Any CPU
		{D9258483-950C-46D1-A333-31F32492CD7E}.Debug|x86.ActiveCfg = Debug|Any CPU
		{D9258483-950C-46D1-A333-31F32492CD7E}.Debug|x86.Build.0 = Debug|Any CPU
		{D9258483-950C-46D1-A333-31F32492CD7E}.Release|Any CPU.ActiveCfg = Release|Any CPU
		{D9258483-950C-46D1-A333-31F32492CD7E}.Release|Any CPU.Build.0 = Release|Any CPU
		{D9258483-950C-46D1-A333-31F32492CD7E}.Release|x64.ActiveCfg = Release|Any CPU
		{D9258483-950C-46D1-A333-31F32492CD7E}.Release|x64.Build.0 = Release|Any CPU
		{D9258483-950C-46D1-A333-31F32492CD7E}.Release|x86.ActiveCfg = Release|Any CPU
		{D9258483-950C-46D1-A333-31F32492CD7E}.Release|x86.Build.0 = Release|Any CPU
		{D9258483-950C-46D1-A333-31F32492CD7E}.RelMono|Any CPU.ActiveCfg = RelMono|Any CPU
		{D9258483-950C-46D1-A333-31F32492CD7E}.RelMono|Any CPU.Build.0 = RelMono|Any CPU
		{D9258483-950C-46D1-A333-31F32492CD7E}.RelMono|x64.ActiveCfg = RelMono|Any CPU
		{D9258483-950C-46D1-A333-31F32492CD7E}.RelMono|x64.Build.0 = RelMono|Any CPU
		{D9258483-950C-46D1-A333-31F32492CD7E}.RelMono|x86.ActiveCfg = RelMono|Any CPU
		{D9258483-950C-46D1-A333-31F32492CD7E}.RelMono|x86.Build.0 = RelMono|Any CPU
		{50BE8215-8945-4A29-908A-36E1102A540C}.Debug|Any CPU.ActiveCfg = Debug|Any CPU
		{50BE8215-8945-4A29-908A-36E1102A540C}.Debug|Any CPU.Build.0 = Debug|Any CPU
		{50BE8215-8945-4A29-908A-36E1102A540C}.Debug|x64.ActiveCfg = Debug|Any CPU
		{50BE8215-8945-4A29-908A-36E1102A540C}.Debug|x64.Build.0 = Debug|Any CPU
		{50BE8215-8945-4A29-908A-36E1102A540C}.Debug|x86.ActiveCfg = Debug|Any CPU
		{50BE8215-8945-4A29-908A-36E1102A540C}.Debug|x86.Build.0 = Debug|Any CPU
		{50BE8215-8945-4A29-908A-36E1102A540C}.Release|Any CPU.ActiveCfg = Release|Any CPU
		{50BE8215-8945-4A29-908A-36E1102A540C}.Release|Any CPU.Build.0 = Release|Any CPU
		{50BE8215-8945-4A29-908A-36E1102A540C}.Release|x64.ActiveCfg = Release|Any CPU
		{50BE8215-8945-4A29-908A-36E1102A540C}.Release|x64.Build.0 = Release|Any CPU
		{50BE8215-8945-4A29-908A-36E1102A540C}.Release|x86.ActiveCfg = Release|Any CPU
		{50BE8215-8945-4A29-908A-36E1102A540C}.Release|x86.Build.0 = Release|Any CPU
		{50BE8215-8945-4A29-908A-36E1102A540C}.RelMono|Any CPU.ActiveCfg = RelMono|Any CPU
		{50BE8215-8945-4A29-908A-36E1102A540C}.RelMono|Any CPU.Build.0 = RelMono|Any CPU
		{50BE8215-8945-4A29-908A-36E1102A540C}.RelMono|x64.ActiveCfg = RelMono|Any CPU
		{50BE8215-8945-4A29-908A-36E1102A540C}.RelMono|x64.Build.0 = RelMono|Any CPU
		{50BE8215-8945-4A29-908A-36E1102A540C}.RelMono|x86.ActiveCfg = RelMono|Any CPU
		{50BE8215-8945-4A29-908A-36E1102A540C}.RelMono|x86.Build.0 = RelMono|Any CPU
		{3F9044F1-1AA1-4D44-B68B-7087C59B818F}.Debug|Any CPU.ActiveCfg = Debug|Any CPU
		{3F9044F1-1AA1-4D44-B68B-7087C59B818F}.Debug|Any CPU.Build.0 = Debug|Any CPU
		{3F9044F1-1AA1-4D44-B68B-7087C59B818F}.Debug|x64.ActiveCfg = Debug|Any CPU
		{3F9044F1-1AA1-4D44-B68B-7087C59B818F}.Debug|x64.Build.0 = Debug|Any CPU
		{3F9044F1-1AA1-4D44-B68B-7087C59B818F}.Debug|x86.ActiveCfg = Debug|Any CPU
		{3F9044F1-1AA1-4D44-B68B-7087C59B818F}.Debug|x86.Build.0 = Debug|Any CPU
		{3F9044F1-1AA1-4D44-B68B-7087C59B818F}.Release|Any CPU.ActiveCfg = Release|Any CPU
		{3F9044F1-1AA1-4D44-B68B-7087C59B818F}.Release|Any CPU.Build.0 = Release|Any CPU
		{3F9044F1-1AA1-4D44-B68B-7087C59B818F}.Release|x64.ActiveCfg = Release|Any CPU
		{3F9044F1-1AA1-4D44-B68B-7087C59B818F}.Release|x64.Build.0 = Release|Any CPU
		{3F9044F1-1AA1-4D44-B68B-7087C59B818F}.Release|x86.ActiveCfg = Release|Any CPU
		{3F9044F1-1AA1-4D44-B68B-7087C59B818F}.Release|x86.Build.0 = Release|Any CPU
		{3F9044F1-1AA1-4D44-B68B-7087C59B818F}.RelMono|Any CPU.ActiveCfg = RelMono|Any CPU
		{3F9044F1-1AA1-4D44-B68B-7087C59B818F}.RelMono|Any CPU.Build.0 = RelMono|Any CPU
		{3F9044F1-1AA1-4D44-B68B-7087C59B818F}.RelMono|x64.ActiveCfg = RelMono|Any CPU
		{3F9044F1-1AA1-4D44-B68B-7087C59B818F}.RelMono|x64.Build.0 = RelMono|Any CPU
		{3F9044F1-1AA1-4D44-B68B-7087C59B818F}.RelMono|x86.ActiveCfg = RelMono|Any CPU
		{3F9044F1-1AA1-4D44-B68B-7087C59B818F}.RelMono|x86.Build.0 = RelMono|Any CPU
		{9672AFEC-766D-4308-9184-74E1E770011B}.Debug|Any CPU.ActiveCfg = Debug|Any CPU
		{9672AFEC-766D-4308-9184-74E1E770011B}.Debug|Any CPU.Build.0 = Debug|Any CPU
		{9672AFEC-766D-4308-9184-74E1E770011B}.Debug|x64.ActiveCfg = Debug|Any CPU
		{9672AFEC-766D-4308-9184-74E1E770011B}.Debug|x64.Build.0 = Debug|Any CPU
		{9672AFEC-766D-4308-9184-74E1E770011B}.Debug|x86.ActiveCfg = Debug|Any CPU
		{9672AFEC-766D-4308-9184-74E1E770011B}.Debug|x86.Build.0 = Debug|Any CPU
		{9672AFEC-766D-4308-9184-74E1E770011B}.Release|Any CPU.ActiveCfg = Release|Any CPU
		{9672AFEC-766D-4308-9184-74E1E770011B}.Release|Any CPU.Build.0 = Release|Any CPU
		{9672AFEC-766D-4308-9184-74E1E770011B}.Release|x64.ActiveCfg = Release|Any CPU
		{9672AFEC-766D-4308-9184-74E1E770011B}.Release|x64.Build.0 = Release|Any CPU
		{9672AFEC-766D-4308-9184-74E1E770011B}.Release|x86.ActiveCfg = Release|Any CPU
		{9672AFEC-766D-4308-9184-74E1E770011B}.Release|x86.Build.0 = Release|Any CPU
		{9672AFEC-766D-4308-9184-74E1E770011B}.RelMono|Any CPU.ActiveCfg = RelMono|Any CPU
		{9672AFEC-766D-4308-9184-74E1E770011B}.RelMono|Any CPU.Build.0 = RelMono|Any CPU
		{9672AFEC-766D-4308-9184-74E1E770011B}.RelMono|x64.ActiveCfg = RelMono|Any CPU
		{9672AFEC-766D-4308-9184-74E1E770011B}.RelMono|x64.Build.0 = RelMono|Any CPU
		{9672AFEC-766D-4308-9184-74E1E770011B}.RelMono|x86.ActiveCfg = RelMono|Any CPU
		{9672AFEC-766D-4308-9184-74E1E770011B}.RelMono|x86.Build.0 = RelMono|Any CPU
		{745E6A23-6957-45F8-9305-88EC5474D077}.Debug|Any CPU.ActiveCfg = Debug|Any CPU
		{745E6A23-6957-45F8-9305-88EC5474D077}.Debug|Any CPU.Build.0 = Debug|Any CPU
		{745E6A23-6957-45F8-9305-88EC5474D077}.Debug|x64.ActiveCfg = Debug|Any CPU
		{745E6A23-6957-45F8-9305-88EC5474D077}.Debug|x64.Build.0 = Debug|Any CPU
		{745E6A23-6957-45F8-9305-88EC5474D077}.Debug|x86.ActiveCfg = Debug|Any CPU
		{745E6A23-6957-45F8-9305-88EC5474D077}.Debug|x86.Build.0 = Debug|Any CPU
		{745E6A23-6957-45F8-9305-88EC5474D077}.Release|Any CPU.ActiveCfg = Release|Any CPU
		{745E6A23-6957-45F8-9305-88EC5474D077}.Release|Any CPU.Build.0 = Release|Any CPU
		{745E6A23-6957-45F8-9305-88EC5474D077}.Release|x64.ActiveCfg = Release|Any CPU
		{745E6A23-6957-45F8-9305-88EC5474D077}.Release|x64.Build.0 = Release|Any CPU
		{745E6A23-6957-45F8-9305-88EC5474D077}.Release|x86.ActiveCfg = Release|Any CPU
		{745E6A23-6957-45F8-9305-88EC5474D077}.Release|x86.Build.0 = Release|Any CPU
		{745E6A23-6957-45F8-9305-88EC5474D077}.RelMono|Any CPU.ActiveCfg = RelMono|Any CPU
		{745E6A23-6957-45F8-9305-88EC5474D077}.RelMono|Any CPU.Build.0 = RelMono|Any CPU
		{745E6A23-6957-45F8-9305-88EC5474D077}.RelMono|x64.ActiveCfg = RelMono|Any CPU
		{745E6A23-6957-45F8-9305-88EC5474D077}.RelMono|x64.Build.0 = RelMono|Any CPU
		{745E6A23-6957-45F8-9305-88EC5474D077}.RelMono|x86.ActiveCfg = RelMono|Any CPU
		{745E6A23-6957-45F8-9305-88EC5474D077}.RelMono|x86.Build.0 = RelMono|Any CPU
		{5013D291-0C3D-45AE-B216-792260C246EC}.Debug|Any CPU.ActiveCfg = Debug|Any CPU
		{5013D291-0C3D-45AE-B216-792260C246EC}.Debug|Any CPU.Build.0 = Debug|Any CPU
		{5013D291-0C3D-45AE-B216-792260C246EC}.Debug|x64.ActiveCfg = Debug|Any CPU
		{5013D291-0C3D-45AE-B216-792260C246EC}.Debug|x64.Build.0 = Debug|Any CPU
		{5013D291-0C3D-45AE-B216-792260C246EC}.Debug|x86.ActiveCfg = Debug|Any CPU
		{5013D291-0C3D-45AE-B216-792260C246EC}.Debug|x86.Build.0 = Debug|Any CPU
		{5013D291-0C3D-45AE-B216-792260C246EC}.Release|Any CPU.ActiveCfg = Release|Any CPU
		{5013D291-0C3D-45AE-B216-792260C246EC}.Release|Any CPU.Build.0 = Release|Any CPU
		{5013D291-0C3D-45AE-B216-792260C246EC}.Release|x64.ActiveCfg = Release|Any CPU
		{5013D291-0C3D-45AE-B216-792260C246EC}.Release|x64.Build.0 = Release|Any CPU
		{5013D291-0C3D-45AE-B216-792260C246EC}.Release|x86.ActiveCfg = Release|Any CPU
		{5013D291-0C3D-45AE-B216-792260C246EC}.Release|x86.Build.0 = Release|Any CPU
		{5013D291-0C3D-45AE-B216-792260C246EC}.RelMono|Any CPU.ActiveCfg = RelMono|Any CPU
		{5013D291-0C3D-45AE-B216-792260C246EC}.RelMono|Any CPU.Build.0 = RelMono|Any CPU
		{5013D291-0C3D-45AE-B216-792260C246EC}.RelMono|x64.ActiveCfg = RelMono|Any CPU
		{5013D291-0C3D-45AE-B216-792260C246EC}.RelMono|x64.Build.0 = RelMono|Any CPU
		{5013D291-0C3D-45AE-B216-792260C246EC}.RelMono|x86.ActiveCfg = RelMono|Any CPU
		{5013D291-0C3D-45AE-B216-792260C246EC}.RelMono|x86.Build.0 = RelMono|Any CPU
		{533793C3-92D5-48CE-82DE-DBA815C6A121}.Debug|Any CPU.ActiveCfg = Debug|Any CPU
		{533793C3-92D5-48CE-82DE-DBA815C6A121}.Debug|Any CPU.Build.0 = Debug|Any CPU
		{533793C3-92D5-48CE-82DE-DBA815C6A121}.Debug|x64.ActiveCfg = Debug|Any CPU
		{533793C3-92D5-48CE-82DE-DBA815C6A121}.Debug|x64.Build.0 = Debug|Any CPU
		{533793C3-92D5-48CE-82DE-DBA815C6A121}.Debug|x86.ActiveCfg = Debug|Any CPU
		{533793C3-92D5-48CE-82DE-DBA815C6A121}.Debug|x86.Build.0 = Debug|Any CPU
		{533793C3-92D5-48CE-82DE-DBA815C6A121}.Release|Any CPU.ActiveCfg = Release|Any CPU
		{533793C3-92D5-48CE-82DE-DBA815C6A121}.Release|Any CPU.Build.0 = Release|Any CPU
		{533793C3-92D5-48CE-82DE-DBA815C6A121}.Release|x64.ActiveCfg = Release|Any CPU
		{533793C3-92D5-48CE-82DE-DBA815C6A121}.Release|x64.Build.0 = Release|Any CPU
		{533793C3-92D5-48CE-82DE-DBA815C6A121}.Release|x86.ActiveCfg = Release|Any CPU
		{533793C3-92D5-48CE-82DE-DBA815C6A121}.Release|x86.Build.0 = Release|Any CPU
		{533793C3-92D5-48CE-82DE-DBA815C6A121}.RelMono|Any CPU.ActiveCfg = RelMono|Any CPU
		{533793C3-92D5-48CE-82DE-DBA815C6A121}.RelMono|Any CPU.Build.0 = RelMono|Any CPU
		{533793C3-92D5-48CE-82DE-DBA815C6A121}.RelMono|x64.ActiveCfg = RelMono|Any CPU
		{533793C3-92D5-48CE-82DE-DBA815C6A121}.RelMono|x64.Build.0 = RelMono|Any CPU
		{533793C3-92D5-48CE-82DE-DBA815C6A121}.RelMono|x86.ActiveCfg = RelMono|Any CPU
		{533793C3-92D5-48CE-82DE-DBA815C6A121}.RelMono|x86.Build.0 = RelMono|Any CPU
		{E4CEC3B1-5778-4D63-8C97-C95153CDC052}.Debug|Any CPU.ActiveCfg = Debug|Any CPU
		{E4CEC3B1-5778-4D63-8C97-C95153CDC052}.Debug|Any CPU.Build.0 = Debug|Any CPU
		{E4CEC3B1-5778-4D63-8C97-C95153CDC052}.Debug|x64.ActiveCfg = Debug|Any CPU
		{E4CEC3B1-5778-4D63-8C97-C95153CDC052}.Debug|x64.Build.0 = Debug|Any CPU
		{E4CEC3B1-5778-4D63-8C97-C95153CDC052}.Debug|x86.ActiveCfg = Debug|Any CPU
		{E4CEC3B1-5778-4D63-8C97-C95153CDC052}.Debug|x86.Build.0 = Debug|Any CPU
		{E4CEC3B1-5778-4D63-8C97-C95153CDC052}.Release|Any CPU.ActiveCfg = Release|Any CPU
		{E4CEC3B1-5778-4D63-8C97-C95153CDC052}.Release|Any CPU.Build.0 = Release|Any CPU
		{E4CEC3B1-5778-4D63-8C97-C95153CDC052}.Release|x64.ActiveCfg = Release|Any CPU
		{E4CEC3B1-5778-4D63-8C97-C95153CDC052}.Release|x64.Build.0 = Release|Any CPU
		{E4CEC3B1-5778-4D63-8C97-C95153CDC052}.Release|x86.ActiveCfg = Release|Any CPU
		{E4CEC3B1-5778-4D63-8C97-C95153CDC052}.Release|x86.Build.0 = Release|Any CPU
		{E4CEC3B1-5778-4D63-8C97-C95153CDC052}.RelMono|Any CPU.ActiveCfg = RelMono|Any CPU
		{E4CEC3B1-5778-4D63-8C97-C95153CDC052}.RelMono|Any CPU.Build.0 = RelMono|Any CPU
		{E4CEC3B1-5778-4D63-8C97-C95153CDC052}.RelMono|x64.ActiveCfg = RelMono|Any CPU
		{E4CEC3B1-5778-4D63-8C97-C95153CDC052}.RelMono|x64.Build.0 = RelMono|Any CPU
		{E4CEC3B1-5778-4D63-8C97-C95153CDC052}.RelMono|x86.ActiveCfg = RelMono|Any CPU
		{E4CEC3B1-5778-4D63-8C97-C95153CDC052}.RelMono|x86.Build.0 = RelMono|Any CPU
		{7FCE885B-8F26-45C1-9CF6-594C91FC7166}.Debug|Any CPU.ActiveCfg = Debug|Any CPU
		{7FCE885B-8F26-45C1-9CF6-594C91FC7166}.Debug|Any CPU.Build.0 = Debug|Any CPU
		{7FCE885B-8F26-45C1-9CF6-594C91FC7166}.Debug|x64.ActiveCfg = Debug|Any CPU
		{7FCE885B-8F26-45C1-9CF6-594C91FC7166}.Debug|x64.Build.0 = Debug|Any CPU
		{7FCE885B-8F26-45C1-9CF6-594C91FC7166}.Debug|x86.ActiveCfg = Debug|Any CPU
		{7FCE885B-8F26-45C1-9CF6-594C91FC7166}.Debug|x86.Build.0 = Debug|Any CPU
		{7FCE885B-8F26-45C1-9CF6-594C91FC7166}.Release|Any CPU.ActiveCfg = Release|Any CPU
		{7FCE885B-8F26-45C1-9CF6-594C91FC7166}.Release|Any CPU.Build.0 = Release|Any CPU
		{7FCE885B-8F26-45C1-9CF6-594C91FC7166}.Release|x64.ActiveCfg = Release|Any CPU
		{7FCE885B-8F26-45C1-9CF6-594C91FC7166}.Release|x64.Build.0 = Release|Any CPU
		{7FCE885B-8F26-45C1-9CF6-594C91FC7166}.Release|x86.ActiveCfg = Release|Any CPU
		{7FCE885B-8F26-45C1-9CF6-594C91FC7166}.Release|x86.Build.0 = Release|Any CPU
		{7FCE885B-8F26-45C1-9CF6-594C91FC7166}.RelMono|Any CPU.ActiveCfg = RelMono|Any CPU
		{7FCE885B-8F26-45C1-9CF6-594C91FC7166}.RelMono|Any CPU.Build.0 = RelMono|Any CPU
		{7FCE885B-8F26-45C1-9CF6-594C91FC7166}.RelMono|x64.ActiveCfg = RelMono|Any CPU
		{7FCE885B-8F26-45C1-9CF6-594C91FC7166}.RelMono|x64.Build.0 = RelMono|Any CPU
		{7FCE885B-8F26-45C1-9CF6-594C91FC7166}.RelMono|x86.ActiveCfg = RelMono|Any CPU
		{7FCE885B-8F26-45C1-9CF6-594C91FC7166}.RelMono|x86.Build.0 = RelMono|Any CPU
		{C5DE39F9-C9AA-48DF-BD74-68A057012953}.Debug|Any CPU.ActiveCfg = Debug|Any CPU
		{C5DE39F9-C9AA-48DF-BD74-68A057012953}.Debug|Any CPU.Build.0 = Debug|Any CPU
		{C5DE39F9-C9AA-48DF-BD74-68A057012953}.Debug|x64.ActiveCfg = Debug|Any CPU
		{C5DE39F9-C9AA-48DF-BD74-68A057012953}.Debug|x64.Build.0 = Debug|Any CPU
		{C5DE39F9-C9AA-48DF-BD74-68A057012953}.Debug|x86.ActiveCfg = Debug|Any CPU
		{C5DE39F9-C9AA-48DF-BD74-68A057012953}.Debug|x86.Build.0 = Debug|Any CPU
		{C5DE39F9-C9AA-48DF-BD74-68A057012953}.Release|Any CPU.ActiveCfg = Release|Any CPU
		{C5DE39F9-C9AA-48DF-BD74-68A057012953}.Release|Any CPU.Build.0 = Release|Any CPU
		{C5DE39F9-C9AA-48DF-BD74-68A057012953}.Release|x64.ActiveCfg = Release|Any CPU
		{C5DE39F9-C9AA-48DF-BD74-68A057012953}.Release|x64.Build.0 = Release|Any CPU
		{C5DE39F9-C9AA-48DF-BD74-68A057012953}.Release|x86.ActiveCfg = Release|Any CPU
		{C5DE39F9-C9AA-48DF-BD74-68A057012953}.Release|x86.Build.0 = Release|Any CPU
		{C5DE39F9-C9AA-48DF-BD74-68A057012953}.RelMono|Any CPU.ActiveCfg = RelMono|Any CPU
		{C5DE39F9-C9AA-48DF-BD74-68A057012953}.RelMono|Any CPU.Build.0 = RelMono|Any CPU
		{C5DE39F9-C9AA-48DF-BD74-68A057012953}.RelMono|x64.ActiveCfg = RelMono|Any CPU
		{C5DE39F9-C9AA-48DF-BD74-68A057012953}.RelMono|x64.Build.0 = RelMono|Any CPU
		{C5DE39F9-C9AA-48DF-BD74-68A057012953}.RelMono|x86.ActiveCfg = RelMono|Any CPU
		{C5DE39F9-C9AA-48DF-BD74-68A057012953}.RelMono|x86.Build.0 = RelMono|Any CPU
		{34873A8F-D8DF-4C98-B290-2EE3E64AEA1F}.Debug|Any CPU.ActiveCfg = Debug|Any CPU
		{34873A8F-D8DF-4C98-B290-2EE3E64AEA1F}.Debug|Any CPU.Build.0 = Debug|Any CPU
		{34873A8F-D8DF-4C98-B290-2EE3E64AEA1F}.Debug|x64.ActiveCfg = Debug|Any CPU
		{34873A8F-D8DF-4C98-B290-2EE3E64AEA1F}.Debug|x64.Build.0 = Debug|Any CPU
		{34873A8F-D8DF-4C98-B290-2EE3E64AEA1F}.Debug|x86.ActiveCfg = Debug|Any CPU
		{34873A8F-D8DF-4C98-B290-2EE3E64AEA1F}.Debug|x86.Build.0 = Debug|Any CPU
		{34873A8F-D8DF-4C98-B290-2EE3E64AEA1F}.Release|Any CPU.ActiveCfg = Release|Any CPU
		{34873A8F-D8DF-4C98-B290-2EE3E64AEA1F}.Release|Any CPU.Build.0 = Release|Any CPU
		{34873A8F-D8DF-4C98-B290-2EE3E64AEA1F}.Release|x64.ActiveCfg = Release|Any CPU
		{34873A8F-D8DF-4C98-B290-2EE3E64AEA1F}.Release|x64.Build.0 = Release|Any CPU
		{34873A8F-D8DF-4C98-B290-2EE3E64AEA1F}.Release|x86.ActiveCfg = Release|Any CPU
		{34873A8F-D8DF-4C98-B290-2EE3E64AEA1F}.Release|x86.Build.0 = Release|Any CPU
		{34873A8F-D8DF-4C98-B290-2EE3E64AEA1F}.RelMono|Any CPU.ActiveCfg = RelMono|Any CPU
		{34873A8F-D8DF-4C98-B290-2EE3E64AEA1F}.RelMono|Any CPU.Build.0 = RelMono|Any CPU
		{34873A8F-D8DF-4C98-B290-2EE3E64AEA1F}.RelMono|x64.ActiveCfg = RelMono|Any CPU
		{34873A8F-D8DF-4C98-B290-2EE3E64AEA1F}.RelMono|x64.Build.0 = RelMono|Any CPU
		{34873A8F-D8DF-4C98-B290-2EE3E64AEA1F}.RelMono|x86.ActiveCfg = RelMono|Any CPU
		{34873A8F-D8DF-4C98-B290-2EE3E64AEA1F}.RelMono|x86.Build.0 = RelMono|Any CPU
		{8F01BB84-A3DA-4039-A9D2-0F6DB31739EC}.Debug|Any CPU.ActiveCfg = Debug|Any CPU
		{8F01BB84-A3DA-4039-A9D2-0F6DB31739EC}.Debug|Any CPU.Build.0 = Debug|Any CPU
		{8F01BB84-A3DA-4039-A9D2-0F6DB31739EC}.Debug|x64.ActiveCfg = Debug|Any CPU
		{8F01BB84-A3DA-4039-A9D2-0F6DB31739EC}.Debug|x64.Build.0 = Debug|Any CPU
		{8F01BB84-A3DA-4039-A9D2-0F6DB31739EC}.Debug|x86.ActiveCfg = Debug|Any CPU
		{8F01BB84-A3DA-4039-A9D2-0F6DB31739EC}.Debug|x86.Build.0 = Debug|Any CPU
		{8F01BB84-A3DA-4039-A9D2-0F6DB31739EC}.Release|Any CPU.ActiveCfg = Release|Any CPU
		{8F01BB84-A3DA-4039-A9D2-0F6DB31739EC}.Release|Any CPU.Build.0 = Release|Any CPU
		{8F01BB84-A3DA-4039-A9D2-0F6DB31739EC}.Release|x64.ActiveCfg = Release|Any CPU
		{8F01BB84-A3DA-4039-A9D2-0F6DB31739EC}.Release|x64.Build.0 = Release|Any CPU
		{8F01BB84-A3DA-4039-A9D2-0F6DB31739EC}.Release|x86.ActiveCfg = Release|Any CPU
		{8F01BB84-A3DA-4039-A9D2-0F6DB31739EC}.Release|x86.Build.0 = Release|Any CPU
		{8F01BB84-A3DA-4039-A9D2-0F6DB31739EC}.RelMono|Any CPU.ActiveCfg = RelMono|Any CPU
		{8F01BB84-A3DA-4039-A9D2-0F6DB31739EC}.RelMono|Any CPU.Build.0 = RelMono|Any CPU
		{8F01BB84-A3DA-4039-A9D2-0F6DB31739EC}.RelMono|x64.ActiveCfg = RelMono|Any CPU
		{8F01BB84-A3DA-4039-A9D2-0F6DB31739EC}.RelMono|x64.Build.0 = RelMono|Any CPU
		{8F01BB84-A3DA-4039-A9D2-0F6DB31739EC}.RelMono|x86.ActiveCfg = RelMono|Any CPU
		{8F01BB84-A3DA-4039-A9D2-0F6DB31739EC}.RelMono|x86.Build.0 = RelMono|Any CPU
		{4EF35D44-5860-41B5-A1EA-1AA1B496933C}.Debug|Any CPU.ActiveCfg = Debug|Any CPU
		{4EF35D44-5860-41B5-A1EA-1AA1B496933C}.Debug|Any CPU.Build.0 = Debug|Any CPU
		{4EF35D44-5860-41B5-A1EA-1AA1B496933C}.Debug|x64.ActiveCfg = Debug|Any CPU
		{4EF35D44-5860-41B5-A1EA-1AA1B496933C}.Debug|x64.Build.0 = Debug|Any CPU
		{4EF35D44-5860-41B5-A1EA-1AA1B496933C}.Debug|x86.ActiveCfg = Debug|Any CPU
		{4EF35D44-5860-41B5-A1EA-1AA1B496933C}.Debug|x86.Build.0 = Debug|Any CPU
		{4EF35D44-5860-41B5-A1EA-1AA1B496933C}.Release|Any CPU.ActiveCfg = Release|Any CPU
		{4EF35D44-5860-41B5-A1EA-1AA1B496933C}.Release|Any CPU.Build.0 = Release|Any CPU
		{4EF35D44-5860-41B5-A1EA-1AA1B496933C}.Release|x64.ActiveCfg = Release|Any CPU
		{4EF35D44-5860-41B5-A1EA-1AA1B496933C}.Release|x64.Build.0 = Release|Any CPU
		{4EF35D44-5860-41B5-A1EA-1AA1B496933C}.Release|x86.ActiveCfg = Release|Any CPU
		{4EF35D44-5860-41B5-A1EA-1AA1B496933C}.Release|x86.Build.0 = Release|Any CPU
		{4EF35D44-5860-41B5-A1EA-1AA1B496933C}.RelMono|Any CPU.ActiveCfg = RelMono|Any CPU
		{4EF35D44-5860-41B5-A1EA-1AA1B496933C}.RelMono|Any CPU.Build.0 = RelMono|Any CPU
		{4EF35D44-5860-41B5-A1EA-1AA1B496933C}.RelMono|x64.ActiveCfg = RelMono|Any CPU
		{4EF35D44-5860-41B5-A1EA-1AA1B496933C}.RelMono|x64.Build.0 = RelMono|Any CPU
		{4EF35D44-5860-41B5-A1EA-1AA1B496933C}.RelMono|x86.ActiveCfg = RelMono|Any CPU
		{4EF35D44-5860-41B5-A1EA-1AA1B496933C}.RelMono|x86.Build.0 = RelMono|Any CPU
		{7677E380-677F-460A-9222-BD366CF4385C}.Debug|Any CPU.ActiveCfg = Debug|Any CPU
		{7677E380-677F-460A-9222-BD366CF4385C}.Debug|Any CPU.Build.0 = Debug|Any CPU
		{7677E380-677F-460A-9222-BD366CF4385C}.Debug|x64.ActiveCfg = Debug|Any CPU
		{7677E380-677F-460A-9222-BD366CF4385C}.Debug|x64.Build.0 = Debug|Any CPU
		{7677E380-677F-460A-9222-BD366CF4385C}.Debug|x86.ActiveCfg = Debug|Any CPU
		{7677E380-677F-460A-9222-BD366CF4385C}.Debug|x86.Build.0 = Debug|Any CPU
		{7677E380-677F-460A-9222-BD366CF4385C}.Release|Any CPU.ActiveCfg = Release|Any CPU
		{7677E380-677F-460A-9222-BD366CF4385C}.Release|Any CPU.Build.0 = Release|Any CPU
		{7677E380-677F-460A-9222-BD366CF4385C}.Release|x64.ActiveCfg = Release|Any CPU
		{7677E380-677F-460A-9222-BD366CF4385C}.Release|x64.Build.0 = Release|Any CPU
		{7677E380-677F-460A-9222-BD366CF4385C}.Release|x86.ActiveCfg = Release|Any CPU
		{7677E380-677F-460A-9222-BD366CF4385C}.Release|x86.Build.0 = Release|Any CPU
		{7677E380-677F-460A-9222-BD366CF4385C}.RelMono|Any CPU.ActiveCfg = RelMono|Any CPU
		{7677E380-677F-460A-9222-BD366CF4385C}.RelMono|Any CPU.Build.0 = RelMono|Any CPU
		{7677E380-677F-460A-9222-BD366CF4385C}.RelMono|x64.ActiveCfg = RelMono|Any CPU
		{7677E380-677F-460A-9222-BD366CF4385C}.RelMono|x64.Build.0 = RelMono|Any CPU
		{7677E380-677F-460A-9222-BD366CF4385C}.RelMono|x86.ActiveCfg = RelMono|Any CPU
		{7677E380-677F-460A-9222-BD366CF4385C}.RelMono|x86.Build.0 = RelMono|Any CPU
		{B03DBC54-0851-45ED-8BBF-767F11498DF0}.Debug|Any CPU.ActiveCfg = Debug|Any CPU
		{B03DBC54-0851-45ED-8BBF-767F11498DF0}.Debug|Any CPU.Build.0 = Debug|Any CPU
		{B03DBC54-0851-45ED-8BBF-767F11498DF0}.Debug|x64.ActiveCfg = Debug|Any CPU
		{B03DBC54-0851-45ED-8BBF-767F11498DF0}.Debug|x64.Build.0 = Debug|Any CPU
		{B03DBC54-0851-45ED-8BBF-767F11498DF0}.Debug|x86.ActiveCfg = Debug|Any CPU
		{B03DBC54-0851-45ED-8BBF-767F11498DF0}.Debug|x86.Build.0 = Debug|Any CPU
		{B03DBC54-0851-45ED-8BBF-767F11498DF0}.Release|Any CPU.ActiveCfg = Release|Any CPU
		{B03DBC54-0851-45ED-8BBF-767F11498DF0}.Release|Any CPU.Build.0 = Release|Any CPU
		{B03DBC54-0851-45ED-8BBF-767F11498DF0}.Release|x64.ActiveCfg = Release|Any CPU
		{B03DBC54-0851-45ED-8BBF-767F11498DF0}.Release|x64.Build.0 = Release|Any CPU
		{B03DBC54-0851-45ED-8BBF-767F11498DF0}.Release|x86.ActiveCfg = Release|Any CPU
		{B03DBC54-0851-45ED-8BBF-767F11498DF0}.Release|x86.Build.0 = Release|Any CPU
		{B03DBC54-0851-45ED-8BBF-767F11498DF0}.RelMono|Any CPU.ActiveCfg = RelMono|Any CPU
		{B03DBC54-0851-45ED-8BBF-767F11498DF0}.RelMono|Any CPU.Build.0 = RelMono|Any CPU
		{B03DBC54-0851-45ED-8BBF-767F11498DF0}.RelMono|x64.ActiveCfg = RelMono|Any CPU
		{B03DBC54-0851-45ED-8BBF-767F11498DF0}.RelMono|x64.Build.0 = RelMono|Any CPU
		{B03DBC54-0851-45ED-8BBF-767F11498DF0}.RelMono|x86.ActiveCfg = RelMono|Any CPU
		{B03DBC54-0851-45ED-8BBF-767F11498DF0}.RelMono|x86.Build.0 = RelMono|Any CPU
		{059E523B-773A-43F5-A6C4-E2D74EF73C6C}.Debug|Any CPU.ActiveCfg = Debug|Any CPU
		{059E523B-773A-43F5-A6C4-E2D74EF73C6C}.Debug|Any CPU.Build.0 = Debug|Any CPU
		{059E523B-773A-43F5-A6C4-E2D74EF73C6C}.Debug|x64.ActiveCfg = Debug|Any CPU
		{059E523B-773A-43F5-A6C4-E2D74EF73C6C}.Debug|x64.Build.0 = Debug|Any CPU
		{059E523B-773A-43F5-A6C4-E2D74EF73C6C}.Debug|x86.ActiveCfg = Debug|Any CPU
		{059E523B-773A-43F5-A6C4-E2D74EF73C6C}.Debug|x86.Build.0 = Debug|Any CPU
		{059E523B-773A-43F5-A6C4-E2D74EF73C6C}.Release|Any CPU.ActiveCfg = Release|Any CPU
		{059E523B-773A-43F5-A6C4-E2D74EF73C6C}.Release|Any CPU.Build.0 = Release|Any CPU
		{059E523B-773A-43F5-A6C4-E2D74EF73C6C}.Release|x64.ActiveCfg = Release|Any CPU
		{059E523B-773A-43F5-A6C4-E2D74EF73C6C}.Release|x64.Build.0 = Release|Any CPU
		{059E523B-773A-43F5-A6C4-E2D74EF73C6C}.Release|x86.ActiveCfg = Release|Any CPU
		{059E523B-773A-43F5-A6C4-E2D74EF73C6C}.Release|x86.Build.0 = Release|Any CPU
		{059E523B-773A-43F5-A6C4-E2D74EF73C6C}.RelMono|Any CPU.ActiveCfg = RelMono|Any CPU
		{059E523B-773A-43F5-A6C4-E2D74EF73C6C}.RelMono|Any CPU.Build.0 = RelMono|Any CPU
		{059E523B-773A-43F5-A6C4-E2D74EF73C6C}.RelMono|x64.ActiveCfg = RelMono|Any CPU
		{059E523B-773A-43F5-A6C4-E2D74EF73C6C}.RelMono|x64.Build.0 = RelMono|Any CPU
		{059E523B-773A-43F5-A6C4-E2D74EF73C6C}.RelMono|x86.ActiveCfg = RelMono|Any CPU
		{059E523B-773A-43F5-A6C4-E2D74EF73C6C}.RelMono|x86.Build.0 = RelMono|Any CPU
		{8205C526-D8FE-4C86-9E14-CF926B57AEC7}.Debug|Any CPU.ActiveCfg = Debug|Any CPU
		{8205C526-D8FE-4C86-9E14-CF926B57AEC7}.Debug|Any CPU.Build.0 = Debug|Any CPU
		{8205C526-D8FE-4C86-9E14-CF926B57AEC7}.Debug|x64.ActiveCfg = Debug|Any CPU
		{8205C526-D8FE-4C86-9E14-CF926B57AEC7}.Debug|x64.Build.0 = Debug|Any CPU
		{8205C526-D8FE-4C86-9E14-CF926B57AEC7}.Debug|x86.ActiveCfg = Debug|Any CPU
		{8205C526-D8FE-4C86-9E14-CF926B57AEC7}.Debug|x86.Build.0 = Debug|Any CPU
		{8205C526-D8FE-4C86-9E14-CF926B57AEC7}.Release|Any CPU.ActiveCfg = Release|Any CPU
		{8205C526-D8FE-4C86-9E14-CF926B57AEC7}.Release|Any CPU.Build.0 = Release|Any CPU
		{8205C526-D8FE-4C86-9E14-CF926B57AEC7}.Release|x64.ActiveCfg = Release|Any CPU
		{8205C526-D8FE-4C86-9E14-CF926B57AEC7}.Release|x64.Build.0 = Release|Any CPU
		{8205C526-D8FE-4C86-9E14-CF926B57AEC7}.Release|x86.ActiveCfg = Release|Any CPU
		{8205C526-D8FE-4C86-9E14-CF926B57AEC7}.Release|x86.Build.0 = Release|Any CPU
		{8205C526-D8FE-4C86-9E14-CF926B57AEC7}.RelMono|Any CPU.ActiveCfg = RelMono|Any CPU
		{8205C526-D8FE-4C86-9E14-CF926B57AEC7}.RelMono|Any CPU.Build.0 = RelMono|Any CPU
		{8205C526-D8FE-4C86-9E14-CF926B57AEC7}.RelMono|x64.ActiveCfg = RelMono|Any CPU
		{8205C526-D8FE-4C86-9E14-CF926B57AEC7}.RelMono|x64.Build.0 = RelMono|Any CPU
		{8205C526-D8FE-4C86-9E14-CF926B57AEC7}.RelMono|x86.ActiveCfg = RelMono|Any CPU
		{8205C526-D8FE-4C86-9E14-CF926B57AEC7}.RelMono|x86.Build.0 = RelMono|Any CPU
		{7F27E23E-608E-4F82-ABFE-0D65EF8F29B2}.Debug|Any CPU.ActiveCfg = Debug|Any CPU
		{7F27E23E-608E-4F82-ABFE-0D65EF8F29B2}.Debug|Any CPU.Build.0 = Debug|Any CPU
		{7F27E23E-608E-4F82-ABFE-0D65EF8F29B2}.Debug|x64.ActiveCfg = Debug|Any CPU
		{7F27E23E-608E-4F82-ABFE-0D65EF8F29B2}.Debug|x64.Build.0 = Debug|Any CPU
		{7F27E23E-608E-4F82-ABFE-0D65EF8F29B2}.Debug|x86.ActiveCfg = Debug|Any CPU
		{7F27E23E-608E-4F82-ABFE-0D65EF8F29B2}.Debug|x86.Build.0 = Debug|Any CPU
		{7F27E23E-608E-4F82-ABFE-0D65EF8F29B2}.Release|Any CPU.ActiveCfg = Release|Any CPU
		{7F27E23E-608E-4F82-ABFE-0D65EF8F29B2}.Release|Any CPU.Build.0 = Release|Any CPU
		{7F27E23E-608E-4F82-ABFE-0D65EF8F29B2}.Release|x64.ActiveCfg = Release|Any CPU
		{7F27E23E-608E-4F82-ABFE-0D65EF8F29B2}.Release|x64.Build.0 = Release|Any CPU
		{7F27E23E-608E-4F82-ABFE-0D65EF8F29B2}.Release|x86.ActiveCfg = Release|Any CPU
		{7F27E23E-608E-4F82-ABFE-0D65EF8F29B2}.Release|x86.Build.0 = Release|Any CPU
		{7F27E23E-608E-4F82-ABFE-0D65EF8F29B2}.RelMono|Any CPU.ActiveCfg = RelMono|Any CPU
		{7F27E23E-608E-4F82-ABFE-0D65EF8F29B2}.RelMono|Any CPU.Build.0 = RelMono|Any CPU
		{7F27E23E-608E-4F82-ABFE-0D65EF8F29B2}.RelMono|x64.ActiveCfg = RelMono|Any CPU
		{7F27E23E-608E-4F82-ABFE-0D65EF8F29B2}.RelMono|x64.Build.0 = RelMono|Any CPU
		{7F27E23E-608E-4F82-ABFE-0D65EF8F29B2}.RelMono|x86.ActiveCfg = RelMono|Any CPU
		{7F27E23E-608E-4F82-ABFE-0D65EF8F29B2}.RelMono|x86.Build.0 = RelMono|Any CPU
		{8DAB41DD-00ED-4E0D-ACF4-11E0DF9169E1}.Debug|Any CPU.ActiveCfg = Debug|Any CPU
		{8DAB41DD-00ED-4E0D-ACF4-11E0DF9169E1}.Debug|Any CPU.Build.0 = Debug|Any CPU
		{8DAB41DD-00ED-4E0D-ACF4-11E0DF9169E1}.Debug|x64.ActiveCfg = Debug|Any CPU
		{8DAB41DD-00ED-4E0D-ACF4-11E0DF9169E1}.Debug|x64.Build.0 = Debug|Any CPU
		{8DAB41DD-00ED-4E0D-ACF4-11E0DF9169E1}.Debug|x86.ActiveCfg = Debug|Any CPU
		{8DAB41DD-00ED-4E0D-ACF4-11E0DF9169E1}.Debug|x86.Build.0 = Debug|Any CPU
		{8DAB41DD-00ED-4E0D-ACF4-11E0DF9169E1}.Release|Any CPU.ActiveCfg = Release|Any CPU
		{8DAB41DD-00ED-4E0D-ACF4-11E0DF9169E1}.Release|Any CPU.Build.0 = Release|Any CPU
		{8DAB41DD-00ED-4E0D-ACF4-11E0DF9169E1}.Release|x64.ActiveCfg = Release|Any CPU
		{8DAB41DD-00ED-4E0D-ACF4-11E0DF9169E1}.Release|x64.Build.0 = Release|Any CPU
		{8DAB41DD-00ED-4E0D-ACF4-11E0DF9169E1}.Release|x86.ActiveCfg = Release|Any CPU
		{8DAB41DD-00ED-4E0D-ACF4-11E0DF9169E1}.Release|x86.Build.0 = Release|Any CPU
		{8DAB41DD-00ED-4E0D-ACF4-11E0DF9169E1}.RelMono|Any CPU.ActiveCfg = Release|Any CPU
		{8DAB41DD-00ED-4E0D-ACF4-11E0DF9169E1}.RelMono|Any CPU.Build.0 = Release|Any CPU
		{8DAB41DD-00ED-4E0D-ACF4-11E0DF9169E1}.RelMono|x64.ActiveCfg = Release|Any CPU
		{8DAB41DD-00ED-4E0D-ACF4-11E0DF9169E1}.RelMono|x64.Build.0 = Release|Any CPU
		{8DAB41DD-00ED-4E0D-ACF4-11E0DF9169E1}.RelMono|x86.ActiveCfg = Release|Any CPU
		{8DAB41DD-00ED-4E0D-ACF4-11E0DF9169E1}.RelMono|x86.Build.0 = Release|Any CPU
		{E6838D2B-2AFC-45EC-ACBC-307864B294DC}.Debug|Any CPU.ActiveCfg = Debug|Any CPU
		{E6838D2B-2AFC-45EC-ACBC-307864B294DC}.Debug|Any CPU.Build.0 = Debug|Any CPU
		{E6838D2B-2AFC-45EC-ACBC-307864B294DC}.Debug|x64.ActiveCfg = Debug|Any CPU
		{E6838D2B-2AFC-45EC-ACBC-307864B294DC}.Debug|x64.Build.0 = Debug|Any CPU
		{E6838D2B-2AFC-45EC-ACBC-307864B294DC}.Debug|x86.ActiveCfg = Debug|Any CPU
		{E6838D2B-2AFC-45EC-ACBC-307864B294DC}.Debug|x86.Build.0 = Debug|Any CPU
		{E6838D2B-2AFC-45EC-ACBC-307864B294DC}.Release|Any CPU.ActiveCfg = Release|Any CPU
		{E6838D2B-2AFC-45EC-ACBC-307864B294DC}.Release|Any CPU.Build.0 = Release|Any CPU
		{E6838D2B-2AFC-45EC-ACBC-307864B294DC}.Release|x64.ActiveCfg = Release|Any CPU
		{E6838D2B-2AFC-45EC-ACBC-307864B294DC}.Release|x64.Build.0 = Release|Any CPU
		{E6838D2B-2AFC-45EC-ACBC-307864B294DC}.Release|x86.ActiveCfg = Release|Any CPU
		{E6838D2B-2AFC-45EC-ACBC-307864B294DC}.Release|x86.Build.0 = Release|Any CPU
		{E6838D2B-2AFC-45EC-ACBC-307864B294DC}.RelMono|Any CPU.ActiveCfg = Release|Any CPU
		{E6838D2B-2AFC-45EC-ACBC-307864B294DC}.RelMono|Any CPU.Build.0 = Release|Any CPU
		{E6838D2B-2AFC-45EC-ACBC-307864B294DC}.RelMono|x64.ActiveCfg = Release|Any CPU
		{E6838D2B-2AFC-45EC-ACBC-307864B294DC}.RelMono|x64.Build.0 = Release|Any CPU
		{E6838D2B-2AFC-45EC-ACBC-307864B294DC}.RelMono|x86.ActiveCfg = Release|Any CPU
		{E6838D2B-2AFC-45EC-ACBC-307864B294DC}.RelMono|x86.Build.0 = Release|Any CPU
	EndGlobalSection
	GlobalSection(SolutionProperties) = preSolution
		HideSolutionNode = FALSE
	EndGlobalSection
	GlobalSection(NestedProjects) = preSolution
		{7183F280-6EC5-4CDB-ABFF-767EE6018900} = {7442F677-68AE-432D-A3C0-C7AC0610D11B}
		{D9258483-950C-46D1-A333-31F32492CD7E} = {E5FF17DD-6006-4BDE-B4A5-A1D0B35048AE}
		{50BE8215-8945-4A29-908A-36E1102A540C} = {E5FF17DD-6006-4BDE-B4A5-A1D0B35048AE}
		{3F9044F1-1AA1-4D44-B68B-7087C59B818F} = {D5310749-7F03-4FED-AD1A-8EBC03D718E1}
		{9672AFEC-766D-4308-9184-74E1E770011B} = {7442F677-68AE-432D-A3C0-C7AC0610D11B}
		{745E6A23-6957-45F8-9305-88EC5474D077} = {D5310749-7F03-4FED-AD1A-8EBC03D718E1}
		{5013D291-0C3D-45AE-B216-792260C246EC} = {7442F677-68AE-432D-A3C0-C7AC0610D11B}
		{533793C3-92D5-48CE-82DE-DBA815C6A121} = {E5FF17DD-6006-4BDE-B4A5-A1D0B35048AE}
		{E4CEC3B1-5778-4D63-8C97-C95153CDC052} = {E5FF17DD-6006-4BDE-B4A5-A1D0B35048AE}
		{7FCE885B-8F26-45C1-9CF6-594C91FC7166} = {7442F677-68AE-432D-A3C0-C7AC0610D11B}
		{C5DE39F9-C9AA-48DF-BD74-68A057012953} = {16E5FB82-EA15-40DF-9D44-8961A2EFF978}
		{34873A8F-D8DF-4C98-B290-2EE3E64AEA1F} = {16E5FB82-EA15-40DF-9D44-8961A2EFF978}
		{8F01BB84-A3DA-4039-A9D2-0F6DB31739EC} = {50701F1B-850B-48EE-A9EB-1B33BE4419E3}
		{4EF35D44-5860-41B5-A1EA-1AA1B496933C} = {50701F1B-850B-48EE-A9EB-1B33BE4419E3}
		{7677E380-677F-460A-9222-BD366CF4385C} = {50701F1B-850B-48EE-A9EB-1B33BE4419E3}
		{110D3F04-F1EA-48E8-9B92-FA0A0B930D61} = {50701F1B-850B-48EE-A9EB-1B33BE4419E3}
		{B03DBC54-0851-45ED-8BBF-767F11498DF0} = {50701F1B-850B-48EE-A9EB-1B33BE4419E3}
		{059E523B-773A-43F5-A6C4-E2D74EF73C6C} = {50701F1B-850B-48EE-A9EB-1B33BE4419E3}
		{B9B72DF8-DFCF-4720-94E4-F39B6C471FEA} = {50701F1B-850B-48EE-A9EB-1B33BE4419E3}
		{8205C526-D8FE-4C86-9E14-CF926B57AEC7} = {50701F1B-850B-48EE-A9EB-1B33BE4419E3}
		{7F27E23E-608E-4F82-ABFE-0D65EF8F29B2} = {50701F1B-850B-48EE-A9EB-1B33BE4419E3}
		{8DAB41DD-00ED-4E0D-ACF4-11E0DF9169E1} = {7442F677-68AE-432D-A3C0-C7AC0610D11B}
		{E6838D2B-2AFC-45EC-ACBC-307864B294DC} = {7442F677-68AE-432D-A3C0-C7AC0610D11B}
	EndGlobalSection
	GlobalSection(ExtensibilityGlobals) = postSolution
		SolutionGuid = {1DF002D8-7106-48DC-A269-0A6E318227CB}
	EndGlobalSection
EndGlobal
